hash: 20c08a9d71ab0d279d9b5a2198bb5f897b0070769bd03953d228f6f6bf65c662
updated: 2018-05-07T11:32:13.777076+02:00
imports:
- name: github.com/AlecAivazis/survey
  version: e752db451e07e09c7d7dc8cada807a44bdb0fd47
- name: github.com/davecgh/go-spew
  version: 346938d642f2ec3594ed81d874461961cd0faa76
  subpackages:
  - spew
- name: github.com/mattn/go-colorable
  version: efa589957cd060542a26d2dd7832fd6a6c6c3ade
- name: github.com/mattn/go-isatty
  version: 6ca4dbf54d38eea1a992b3c722a76a5d1c4cb25c
- name: github.com/mgutz/ansi
  version: 9520e82c474b0a04dd04f8a40959027271bab992
- name: github.com/segersniels/goutil
  version: 429f739ed423ebe8c4fe3d238b2789061c364fbb
- name: github.com/sirupsen/logrus
  version: c155da19408a8799da419ed3eeb0cb5db0ad5dbc
- name: golang.org/x/crypto
  version: 4ec37c66abab2c7e02ae775328b2ff001c3f025a
  subpackages:
  - ssh/terminal
- name: golang.org/x/sys
  version: 6f686a352de66814cdd080d970febae7767857a3
  subpackages:
  - unix
  - windows
- name: gopkg.in/AlecAivazis/survey.v1
  version: e752db451e07e09c7d7dc8cada807a44bdb0fd47
  subpackages:
  - core
  - terminal
testImports: []
