hash: 7abe030d3b928f8dd806bb6a34bef6f9df8bb72e816837982da1458ef774a6d4
updated: 2018-10-03T13:49:26.249449+02:00
imports:
- name: github.com/AlecAivazis/survey
  version: f30c5d1830c892f533140f29a1de89141dc217f5
- name: github.com/docker/distribution
  version: 1cb4180b1a5b9c029b2f2beaeb38f0b5cf64e12e
  subpackages:
  - digestset
  - reference
- name: github.com/docker/docker
  version: 90d35abf7b3535c1c319c872900fbd76374e521c
  subpackages:
  - api
  - api/types
  - api/types/blkiodev
  - api/types/container
  - api/types/events
  - api/types/filters
  - api/types/image
  - api/types/mount
  - api/types/network
  - api/types/registry
  - api/types/strslice
  - api/types/swarm
  - api/types/time
  - api/types/versions
  - api/types/volume
  - client
  - pkg/ioutils
  - pkg/longpath
  - pkg/system
  - pkg/tlsconfig
- name: github.com/docker/go-connections
  version: 97c2040d34dfae1d1b1275fa3a78dbdd2f41cf7e
  subpackages:
  - nat
  - sockets
  - tlsconfig
- name: github.com/docker/go-units
  version: 47565b4f722fb6ceae66b95f853feed578a4a51c
- name: github.com/docker/libtrust
  version: aabc10ec26b754e797f9028f4589c5b7bd90dc20
- name: github.com/kballard/go-shellquote
  version: 95032a82bc518f77982ea72343cc1ade730072f0
- name: github.com/konsorten/go-windows-terminal-sequences
  version: b729f2633dfe35f4d1d8a32385f6685610ce1cb5
- name: github.com/mattn/go-colorable
  version: efa589957cd060542a26d2dd7832fd6a6c6c3ade
- name: github.com/mattn/go-isatty
  version: 3fb116b820352b7f0c281308a4d6250c22d94e27
- name: github.com/mgutz/ansi
  version: 9520e82c474b0a04dd04f8a40959027271bab992
- name: github.com/Microsoft/go-winio
  version: 97e4973ce50b2ff5f09635a57e2b88a037aae829
- name: github.com/opencontainers/go-digest
  version: c9281466c8b2f606084ac71339773efd177436e7
- name: github.com/pkg/errors
  version: c059e472caf75dbe73903f6521a20abac245b17f
- name: github.com/sirupsen/logrus
  version: 1ed61965b9e594bf37539680d7f63eccd060314f
- name: github.com/Sirupsen/logrus
  version: 1ed61965b9e594bf37539680d7f63eccd060314f
  repo: git@github.com:/sirupsen/logrus
  vcs: git
- name: github.com/urfave/cli
  version: cfb38830724cc34fedffe9a2a29fb54fa9169cd1
- name: golang.org/x/crypto
  version: e3636079e1a4c1f337f212cc5cd2aca108f6c900
  subpackages:
  - ssh/terminal
- name: golang.org/x/net
  version: f5e5bdd778241bfefa8627f7124c39cd6ad8d74f
  subpackages:
  - context
  - context/ctxhttp
  - internal/socks
  - proxy
- name: golang.org/x/sys
  version: e4b3c5e9061176387e7cea65e4dc5853801f3fb7
  subpackages:
  - unix
  - windows
- name: gopkg.in/AlecAivazis/survey.v1
  version: f30c5d1830c892f533140f29a1de89141dc217f5
  subpackages:
  - core
  - terminal
testImports: []
